// !$*UTF8*$!
{
	archiveVersion = 1;
	classes = {
	};
	objectVersion = 77;
	objects = {

/* Begin PBXContainerItemProxy section */
		15529EF72DF9C19F00EF3F11 /* PBXContainerItemProxy */ = {
			isa = PBXContainerItemProxy;
			containerPortal = 15529ED52DF9C19D00EF3F11 /* Project object */;
			proxyType = 1;
			remoteGlobalIDString = 15529EDC2DF9C19D00EF3F11;
			remoteInfo = ChatOpenAI;
		};
		15529F012DF9C19F00EF3F11 /* PBXContainerItemProxy */ = {
			isa = PBXContainerItemProxy;
			containerPortal = 15529ED52DF9C19D00EF3F11 /* Project object */;
			proxyType = 1;
			remoteGlobalIDString = 15529EDC2DF9C19D00EF3F11;
			remoteInfo = ChatOpenAI;
		};
/* End PBXContainerItemProxy section */

/* Begin PBXFileReference section */
		15529EDD2DF9C19D00EF3F11 /* ChatOpenAI.app */ = {isa = PBXFileReference; explicitFileType = wrapper.application; includeInIndex = 0; path = ChatOpenAI.app; sourceTree = BUILT_PRODUCTS_DIR; };
		15529EF62DF9C19F00EF3F11 /* ChatOpenAITests.xctest */ = {isa = PBXFileReference; explicitFileType = wrapper.cfbundle; includeInIndex = 0; path = ChatOpenAITests.xctest; sourceTree = BUILT_PRODUCTS_DIR; };
		15529F002DF9C19F00EF3F11 /* ChatOpenAIUITests.xctest */ = {isa = PBXFileReference; explicitFileType = wrapper.cfbundle; includeInIndex = 0; path = ChatOpenAIUITests.xctest; sourceTree = BUILT_PRODUCTS_DIR; };
/* End PBXFileReference section */

/* Begin PBXFileSystemSynchronizedBuildFileExceptionSet section */
		15529F082DF9C19F00EF3F11 /* Exceptions for "ChatOpenAI" folder in "ChatOpenAI" target */ = {
			isa = PBXFileSystemSynchronizedBuildFileExceptionSet;
			membershipExceptions = (
				Info.plist,
			);
			target = 15529EDC2DF9C19D00EF3F11 /* ChatOpenAI */;
		};
/* End PBXFileSystemSynchronizedBuildFileExceptionSet section */

/* Begin PBXFileSystemSynchronizedRootGroup section */
		15529EDF2DF9C19D00EF3F11 /* ChatOpenAI */ = {
			isa = PBXFileSystemSynchronizedRootGroup;
			exceptions = (
				15529F082DF9C19F00EF3F11 /* Exceptions for "ChatOpenAI" folder in "ChatOpenAI" target */,
			);
			path = ChatOpenAI;
			sourceTree = "<group>";
		};
		15529EF92DF9C19F00EF3F11 /* ChatOpenAITests */ = {
			isa = PBXFileSystemSynchronizedRootGroup;
			path = ChatOpenAITests;
			sourceTree = "<group>";
		};
		15529F032DF9C19F00EF3F11 /* ChatOpenAIUITests */ = {
			isa = PBXFileSystemSynchronizedRootGroup;
			path = ChatOpenAIUITests;
			sourceTree = "<group>";
		};
/* End PBXFileSystemSynchronizedRootGroup section */

/* Begin PBXFrameworksBuildPhase section */
		15529EDA2DF9C19D00EF3F11 /* Frameworks */ = {
			isa = PBXFrameworksBuildPhase;
			buildActionMask = 2147483647;
			files = (
			);
			runOnlyForDeploymentPostprocessing = 0;
		};
		15529EF32DF9C19F00EF3F11 /* Frameworks */ = {
			isa = PBXFrameworksBuildPhase;
			buildActionMask = 2147483647;
			files = (
			);
			runOnlyForDeploymentPostprocessing = 0;
		};
		15529EFD2DF9C19F00EF3F11 /* Frameworks */ = {
			isa = PBXFrameworksBuildPhase;
			buildActionMask = 2147483647;
			files = (
			);
			runOnlyForDeploymentPostprocessing = 0;
		};
/* End PBXFrameworksBuildPhase section */

/* Begin PBXGroup section */
		15529ED42DF9C19D00EF3F11 = {
			isa = PBXGroup;
			children = (
				15529EDF2DF9C19D00EF3F11 /* ChatOpenAI */,
				15529EF92DF9C19F00EF3F11 /* ChatOpenAITests */,
				15529F032DF9C19F00EF3F11 /* ChatOpenAIUITests */,
				15529EDE2DF9C19D00EF3F11 /* Products */,
			);
			sourceTree = "<group>";
		};
		15529EDE2DF9C19D00EF3F11 /* Products */ = {
			isa = PBXGroup;
			children = (
				15529EDD2DF9C19D00EF3F11 /* ChatOpenAI.app */,
				15529EF62DF9C19F00EF3F11 /* ChatOpenAITests.xctest */,
				15529F002DF9C19F00EF3F11 /* ChatOpenAIUITests.xctest */,
			);
			name = Products;
			sourceTree = "<group>";
		};
/* End PBXGroup section */

/* Begin PBXNativeTarget section */
		15529EDC2DF9C19D00EF3F11 /* ChatOpenAI */ = {
			isa = PBXNativeTarget;
			buildConfigurationList = 15529F092DF9C19F00EF3F11 /* Build configuration list for PBXNativeTarget "ChatOpenAI" */;
			buildPhases = (
				15529ED92DF9C19D00EF3F11 /* Sources */,
				15529EDA2DF9C19D00EF3F11 /* Frameworks */,
				15529EDB2DF9C19D00EF3F11 /* Resources */,
			);
			buildRules = (
			);
			dependencies = (
			);
			fileSystemSynchronizedGroups = (
				15529EDF2DF9C19D00EF3F11 /* ChatOpenAI */,
			);
			name = ChatOpenAI;
			packageProductDependencies = (
			);
			productName = ChatOpenAI;
			productReference = 15529EDD2DF9C19D00EF3F11 /* ChatOpenAI.app */;
			productType = "com.apple.product-type.application";
		};
		15529EF52DF9C19F00EF3F11 /* ChatOpenAITests */ = {
			isa = PBXNativeTarget;
			buildConfigurationList = 15529F0E2DF9C19F00EF3F11 /* Build configuration list for PBXNativeTarget "ChatOpenAITests" */;
			buildPhases = (
				15529EF22DF9C19F00EF3F11 /* Sources */,
				15529EF32DF9C19F00EF3F11 /* Frameworks */,
				15529EF42DF9C19F00EF3F11 /* Resources */,
			);
			buildRules = (
			);
			dependencies = (
				15529EF82DF9C19F00EF3F11 /* PBXTargetDependency */,
			);
			fileSystemSynchronizedGroups = (
				15529EF92DF9C19F00EF3F11 /* ChatOpenAITests */,
			);
			name = ChatOpenAITests;
			packageProductDependencies = (
			);
			productName = ChatOpenAITests;
			productReference = 15529EF62DF9C19F00EF3F11 /* ChatOpenAITests.xctest */;
			productType = "com.apple.product-type.bundle.unit-test";
		};
		15529EFF2DF9C19F00EF3F11 /* ChatOpenAIUITests */ = {
			isa = PBXNativeTarget;
			buildConfigurationList = 15529F112DF9C19F00EF3F11 /* Build configuration list for PBXNativeTarget "ChatOpenAIUITests" */;
			buildPhases = (
				15529EFC2DF9C19F00EF3F11 /* Sources */,
				15529EFD2DF9C19F00EF3F11 /* Frameworks */,
				15529EFE2DF9C19F00EF3F11 /* Resources */,
			);
			buildRules = (
			);
			dependencies = (
				15529F022DF9C19F00EF3F11 /* PBXTargetDependency */,
			);
			fileSystemSynchronizedGroups = (
				15529F032DF9C19F00EF3F11 /* ChatOpenAIUITests */,
			);
			name = ChatOpenAIUITests;
			packageProductDependencies = (
			);
			productName = ChatOpenAIUITests;
			productReference = 15529F002DF9C19F00EF3F11 /* ChatOpenAIUITests.xctest */;
			productType = "com.apple.product-type.bundle.ui-testing";
		};
/* End PBXNativeTarget section */

/* Begin PBXProject section */
		15529ED52DF9C19D00EF3F11 /* Project object */ = {
			isa = PBXProject;
			attributes = {
				BuildIndependentTargetsInParallel = 1;
				LastSwiftUpdateCheck = 1640;
				LastUpgradeCheck = 1640;
				TargetAttributes = {
					15529EDC2DF9C19D00EF3F11 = {
						CreatedOnToolsVersion = 16.4;
					};
					15529EF52DF9C19F00EF3F11 = {
						CreatedOnToolsVersion = 16.4;
						TestTargetID = 15529EDC2DF9C19D00EF3F11;
					};
					15529EFF2DF9C19F00EF3F11 = {
						CreatedOnToolsVersion = 16.4;
						TestTargetID = 15529EDC2DF9C19D00EF3F11;
					};
				};
			};
			buildConfigurationList = 15529ED82DF9C19D00EF3F11 /* Build configuration list for PBXProject "ChatOpenAI" */;
			developmentRegion = en;
			hasScannedForEncodings = 0;
			knownRegions = (
				en,
				Base,
			);
			mainGroup = 15529ED42DF9C19D00EF3F11;
			minimizedProjectReferenceProxies = 1;
			preferredProjectObjectVersion = 77;
			productRefGroup = 15529EDE2DF9C19D00EF3F11 /* Products */;
			projectDirPath = "";
			projectRoot = "";
			targets = (
				15529EDC2DF9C19D00EF3F11 /* ChatOpenAI */,
				15529EF52DF9C19F00EF3F11 /* ChatOpenAITests */,
				15529EFF2DF9C19F00EF3F11 /* ChatOpenAIUITests */,
			);
		};
/* End PBXProject section */

/* Begin PBXResourcesBuildPhase section */
		15529EDB2DF9C19D00EF3F11 /* Resources */ = {
			isa = PBXResourcesBuildPhase;
			buildActionMask = 2147483647;
			files = (
			);
			runOnlyForDeploymentPostprocessing = 0;
		};
		15529EF42DF9C19F00EF3F11 /* Resources */ = {
			isa = PBXResourcesBuildPhase;
			buildActionMask = 2147483647;
			files = (
			);
			runOnlyForDeploymentPostprocessing = 0;
		};
		15529EFE2DF9C19F00EF3F11 /* Resources */ = {
			isa = PBXResourcesBuildPhase;
			buildActionMask = 2147483647;
			files = (
			);
			runOnlyForDeploymentPostprocessing = 0;
		};
/* End PBXResourcesBuildPhase section */

/* Begin PBXSourcesBuildPhase section */
		15529ED92DF9C19D00EF3F11 /* Sources */ = {
			isa = PBXSourcesBuildPhase;
			buildActionMask = 2147483647;
			files = (
			);
			runOnlyForDeploymentPostprocessing = 0;
		};
		15529EF22DF9C19F00EF3F11 /* Sources */ = {
			isa = PBXSourcesBuildPhase;
			buildActionMask = 2147483647;
			files = (
			);
			runOnlyForDeploymentPostprocessing = 0;
		};
		15529EFC2DF9C19F00EF3F11 /* Sources */ = {
			isa = PBXSourcesBuildPhase;
			buildActionMask = 2147483647;
			files = (
			);
			runOnlyForDeploymentPostprocessing = 0;
		};
/* End PBXSourcesBuildPhase section */

/* Begin PBXTargetDependency section */
		15529EF82DF9C19F00EF3F11 /* PBXTargetDependency */ = {
			isa = PBXTargetDependency;
			target = 15529EDC2DF9C19D00EF3F11 /* ChatOpenAI */;
			targetProxy = 15529EF72DF9C19F00EF3F11 /* PBXContainerItemProxy */;
		};
		15529F022DF9C19F00EF3F11 /* PBXTargetDependency */ = {
			isa = PBXTargetDependency;
			target = 15529EDC2DF9C19D00EF3F11 /* ChatOpenAI */;
			targetProxy = 15529F012DF9C19F00EF3F11 /* PBXContainerItemProxy */;
		};
/* End PBXTargetDependency section */

/* Begin XCBuildConfiguration section */
		15529F0A2DF9C19F00EF3F11 /* Debug */ = {
			isa = XCBuildConfiguration;
			buildSettings = {
				ASSETCATALOG_COMPILER_APPICON_NAME = AppIcon;
				ASSETCATALOG_COMPILER_GLOBAL_ACCENT_COLOR_NAME = AccentColor;
				CODE_SIGN_STYLE = Automatic;
				CURRENT_PROJECT_VERSION = 1;
				DEVELOPMENT_TEAM = G5A93Q7SG9;
				GENERATE_INFOPLIST_FILE = YES;
				INFOPLIST_FILE = ChatOpenAI/Info.plist;
				INFOPLIST_KEY_UIApplicationSupportsIndirectInputEvents = YES;
				INFOPLIST_KEY_UILaunchStoryboardName = LaunchScreen;
				INFOPLIST_KEY_UIMainStoryboardFile = Main;
				INFOPLIST_KEY_UISupportedInterfaceOrientations_iPad = "UIInterfaceOrientationPortrait UIInterfaceOrientationPortraitUpsideDown UIInterfaceOrientationLandscapeLeft UIInterfaceOrientationLandscapeRight";
				INFOPLIST_KEY_UISupportedInterfaceOrientations_iPhone = "UIInterfaceOrientationPortrait UIInterfaceOrientationLandscapeLeft UIInterfaceOrientationLandscapeRight";
				LD_RUNPATH_SEARCH_PATHS = (
					"$(inherited)",
					"@executable_path/Frameworks",
				);
				MARKETING_VERSION = 1.0;
				PRODUCT_BUNDLE_IDENTIFIER = co.willyhsu.ChatOpenAI;
				PRODUCT_NAME = "$(TARGET_NAME)";
				SWIFT_EMIT_LOC_STRINGS = YES;
				SWIFT_VERSION = 5.0;
				TARGETED_DEVICE_FAMILY = "1,2";
			};
			name = Debug;
		};
		15529F0B2DF9C19F00EF3F11 /* Release */ = {
			isa = XCBuildConfiguration;
			buildSettings = {
				ASSETCATALOG_COMPILER_APPICON_NAME = AppIcon;
				ASSETCATALOG_COMPILER_GLOBAL_ACCENT_COLOR_NAME = AccentColor;
				CODE_SIGN_STYLE = Automatic;
				CURRENT_PROJECT_VERSION = 1;
				DEVELOPMENT_TEAM = G5A93Q7SG9;
				GENERATE_INFOPLIST_FILE = YES;
				INFOPLIST_FILE = ChatOpenAI/Info.plist;
				INFOPLIST_KEY_UIApplicationSupportsIndirectInputEvents = YES;
				INFOPLIST_KEY_UILaunchStoryboardName = LaunchScreen;
				INFOPLIST_KEY_UIMainStoryboardFile = Main;
				INFOPLIST_KEY_UISupportedInterfaceOrientations_iPad = "UIInterfaceOrientationPortrait UIInterfaceOrientationPortraitUpsideDown UIInterfaceOrientationLandscapeLeft UIInterfaceOrientationLandscapeRight";
				INFOPLIST_KEY_UISupportedInterfaceOrientations_iPhone = "UIInterfaceOrientationPortrait UIInterfaceOrientationLandscapeLeft UIInterfaceOrientationLandscapeRight";
				LD_RUNPATH_SEARCH_PATHS = (
					"$(inherited)",
					"@executable_path/Frameworks",
				);
				MARKETING_VERSION = 1.0;
				PRODUCT_BUNDLE_IDENTIFIER = co.willyhsu.ChatOpenAI;
				PRODUCT_NAME = "$(TARGET_NAME)";
				SWIFT_EMIT_LOC_STRINGS = YES;
				SWIFT_VERSION = 5.0;
				TARGETED_DEVICE_FAMILY = "1,2";
			};
			name = Release;
		};
		15529F0C2DF9C19F00EF3F11 /* Debug */ = {
			isa = XCBuildConfiguration;
			buildSettings = {
				ALWAYS_SEARCH_USER_PATHS = NO;
				ASSETCATALOG_COMPILER_GENERATE_SWIFT_ASSET_SYMBOL_EXTENSIONS = YES;
				CLANG_ANALYZER_NONNULL = YES;
				CLANG_ANALYZER_NUMBER_OBJECT_CONVERSION = YES_AGGRESSIVE;
				CLANG_CXX_LANGUAGE_STANDARD = "gnu++20";
				CLANG_ENABLE_MODULES = YES;
				CLANG_ENABLE_OBJC_ARC = YES;
				CLANG_ENABLE_OBJC_WEAK = YES;
				CLANG_WARN_BLOCK_CAPTURE_AUTORELEASING = YES;
				CLANG_WARN_BOOL_CONVERSION = YES;
				CLANG_WARN_COMMA = YES;
				CLANG_WARN_CONSTANT_CONVERSION = YES;
				CLANG_WARN_DEPRECATED_OBJC_IMPLEMENTATIONS = YES;
				CLANG_WARN_DIRECT_OBJC_ISA_USAGE = YES_ERROR;
				CLANG_WARN_DOCUMENTATION_COMMENTS = YES;
				CLANG_WARN_EMPTY_BODY = YES;
				CLANG_WARN_ENUM_CONVERSION = YES;
				CLANG_WARN_INFINITE_RECURSION = YES;
				CLANG_WARN_INT_CONVERSION = YES;
				CLANG_WARN_NON_LITERAL_NULL_CONVERSION = YES;
				CLANG_WARN_OBJC_IMPLICIT_RETAIN_SELF = YES;
				CLANG_WARN_OBJC_LITERAL_CONVERSION = YES;
				CLANG_WARN_OBJC_ROOT_CLASS = YES_ERROR;
				CLANG_WARN_QUOTED_INCLUDE_IN_FRAMEWORK_HEADER = YES;
				CLANG_WARN_RANGE_LOOP_ANALYSIS = YES;
				CLANG_WARN_STRICT_PROTOTYPES = YES;
				CLANG_WARN_SUSPICIOUS_MOVE = YES;
				CLANG_WARN_UNGUARDED_AVAILABILITY = YES_AGGRESSIVE;
				CLANG_WARN_UNREACHABLE_CODE = YES;
				CLANG_WARN__DUPLICATE_METHOD_MATCH = YES;
				COPY_PHASE_STRIP = NO;
				DEBUG_INFORMATION_FORMAT = dwarf;
				DEVELOPMENT_TEAM = G5A93Q7SG9;
				ENABLE_STRICT_OBJC_MSGSEND = YES;
				ENABLE_TESTABILITY = YES;
				ENABLE_USER_SCRIPT_SANDBOXING = YES;
				GCC_C_LANGUAGE_STANDARD = gnu17;
				GCC_DYNAMIC_NO_PIC = NO;
				GCC_NO_COMMON_BLOCKS = YES;
				GCC_OPTIMIZATION_LEVEL = 0;
				GCC_PREPROCESSOR_DEFINITIONS = (
					"DEBUG=1",
					"$(inherited)",
				);
				GCC_WARN_64_TO_32_BIT_CONVERSION = YES;
				GCC_WARN_ABOUT_RETURN_TYPE = YES_ERROR;
				GCC_WARN_UNDECLARED_SELECTOR = YES;
				GCC_WARN_UNINITIALIZED_AUTOS = YES_AGGRESSIVE;
				GCC_WARN_UNUSED_FUNCTION = YES;
				GCC_WARN_UNUSED_VARIABLE = YES;
				IPHONEOS_DEPLOYMENT_TARGET = 18.5;
				LOCALIZATION_PREFERS_STRING_CATALOGS = YES;
				MTL_ENABLE_DEBUG_INFO = INCLUDE_SOURCE;
				MTL_FAST_MATH = YES;
				ONLY_ACTIVE_ARCH = YES;
				SDKROOT = iphoneos;
				SWIFT_ACTIVE_COMPILATION_CONDITIONS = "DEBUG $(inherited)";
				SWIFT_OPTIMIZATION_LEVEL = "-Onone";
			};
			name = Debug;
		};
		15529F0D2DF9C19F00EF3F11 /* Release */ = {
			isa = XCBuildConfiguration;
			buildSettings = {
				ALWAYS_SEARCH_USER_PATHS = NO;
				ASSETCATALOG_COMPILER_GENERATE_SWIFT_ASSET_SYMBOL_EXTENSIONS = YES;
				CLANG_ANALYZER_NONNULL = YES;
				CLANG_ANALYZER_NUMBER_OBJECT_CONVERSION = YES_AGGRESSIVE;
				CLANG_CXX_LANGUAGE_STANDARD = "gnu++20";
				CLANG_ENABLE_MODULES = YES;
				CLANG_ENABLE_OBJC_ARC = YES;
				CLANG_ENABLE_OBJC_WEAK = YES;
				CLANG_WARN_BLOCK_CAPTURE_AUTORELEASING = YES;
				CLANG_WARN_BOOL_CONVERSION = YES;
				CLANG_WARN_COMMA = YES;
				CLANG_WARN_CONSTANT_CONVERSION = YES;
				CLANG_WARN_DEPRECATED_OBJC_IMPLEMENTATIONS = YES;
				CLANG_WARN_DIRECT_OBJC_ISA_USAGE = YES_ERROR;
				CLANG_WARN_DOCUMENTATION_COMMENTS = YES;
				CLANG_WARN_EMPTY_BODY = YES;
				CLANG_WARN_ENUM_CONVERSION = YES;
				CLANG_WARN_INFINITE_RECURSION = YES;
				CLANG_WARN_INT_CONVERSION = YES;
				CLANG_WARN_NON_LITERAL_NULL_CONVERSION = YES;
				CLANG_WARN_OBJC_IMPLICIT_RETAIN_SELF = YES;
				CLANG_WARN_OBJC_LITERAL_CONVERSION = YES;
				CLANG_WARN_OBJC_ROOT_CLASS = YES_ERROR;
				CLANG_WARN_QUOTED_INCLUDE_IN_FRAMEWORK_HEADER = YES;
				CLANG_WARN_RANGE_LOOP_ANALYSIS = YES;
				CLANG_WARN_STRICT_PROTOTYPES = YES;
				CLANG_WARN_SUSPICIOUS_MOVE = YES;
				CLANG_WARN_UNGUARDED_AVAILABILITY = YES_AGGRESSIVE;
				CLANG_WARN_UNREACHABLE_CODE = YES;
				CLANG_WARN__DUPLICATE_METHOD_MATCH = YES;
				COPY_PHASE_STRIP = NO;
				DEBUG_INFORMATION_FORMAT = "dwarf-with-dsym";
				DEVELOPMENT_TEAM = G5A93Q7SG9;
				ENABLE_NS_ASSERTIONS = NO;
				ENABLE_STRICT_OBJC_MSGSEND = YES;
				ENABLE_USER_SCRIPT_SANDBOXING = YES;
				GCC_C_LANGUAGE_STANDARD = gnu17;
				GCC_NO_COMMON_BLOCKS = YES;
				GCC_WARN_64_TO_32_BIT_CONVERSION = YES;
				GCC_WARN_ABOUT_RETURN_TYPE = YES_ERROR;
				GCC_WARN_UNDECLARED_SELECTOR = YES;
				GCC_WARN_UNINITIALIZED_AUTOS = YES_AGGRESSIVE;
				GCC_WARN_UNUSED_FUNCTION = YES;
				GCC_WARN_UNUSED_VARIABLE = YES;
				IPHONEOS_DEPLOYMENT_TARGET = 18.5;
				LOCALIZATION_PREFERS_STRING_CATALOGS = YES;
				MTL_ENABLE_DEBUG_INFO = NO;
				MTL_FAST_MATH = YES;
				SDKROOT = iphoneos;
				SWIFT_COMPILATION_MODE = wholemodule;
				VALIDATE_PRODUCT = YES;
			};
			name = Release;
		};
		15529F0F2DF9C19F00EF3F11 /* Debug */ = {
			isa = XCBuildConfiguration;
			buildSettings = {
				BUNDLE_LOADER = "$(TEST_HOST)";
				CODE_SIGN_STYLE = Automatic;
				CURRENT_PROJECT_VERSION = 1;
				DEVELOPMENT_TEAM = G5A93Q7SG9;
				GENERATE_INFOPLIST_FILE = YES;
				IPHONEOS_DEPLOYMENT_TARGET = 18.5;
				MARKETING_VERSION = 1.0;
				PRODUCT_BUNDLE_IDENTIFIER = co.willyhsu.ChatOpenAITests;
				PRODUCT_NAME = "$(TARGET_NAME)";
				SWIFT_EMIT_LOC_STRINGS = NO;
				SWIFT_VERSION = 5.0;
				TARGETED_DEVICE_FAMILY = "1,2";
				TEST_HOST = "$(BUILT_PRODUCTS_DIR)/ChatOpenAI.app/$(BUNDLE_EXECUTABLE_FOLDER_PATH)/ChatOpenAI";
			};
			name = Debug;
		};
		15529F102DF9C19F00EF3F11 /* Release */ = {
			isa = XCBuildConfiguration;
			buildSettings = {
				BUNDLE_LOADER = "$(TEST_HOST)";
				CODE_SIGN_STYLE = Automatic;
				CURRENT_PROJECT_VERSION = 1;
				DEVELOPMENT_TEAM = G5A93Q7SG9;
				GENERATE_INFOPLIST_FILE = YES;
				IPHONEOS_DEPLOYMENT_TARGET = 18.5;
				MARKETING_VERSION = 1.0;
				PRODUCT_BUNDLE_IDENTIFIER = co.willyhsu.ChatOpenAITests;
				PRODUCT_NAME = "$(TARGET_NAME)";
				SWIFT_EMIT_LOC_STRINGS = NO;
				SWIFT_VERSION = 5.0;
				TARGETED_DEVICE_FAMILY = "1,2";
				TEST_HOST = "$(BUILT_PRODUCTS_DIR)/ChatOpenAI.app/$(BUNDLE_EXECUTABLE_FOLDER_PATH)/ChatOpenAI";
			};
			name = Release;
		};
		15529F122DF9C19F00EF3F11 /* Debug */ = {
			isa = XCBuildConfiguration;
			buildSettings = {
				CODE_SIGN_STYLE = Automatic;
				CURRENT_PROJECT_VERSION = 1;
				DEVELOPMENT_TEAM = G5A93Q7SG9;
				GENERATE_INFOPLIST_FILE = YES;
				MARKETING_VERSION = 1.0;
				PRODUCT_BUNDLE_IDENTIFIER = co.willyhsu.ChatOpenAIUITests;
				PRODUCT_NAME = "$(TARGET_NAME)";
				SWIFT_EMIT_LOC_STRINGS = NO;
				SWIFT_VERSION = 5.0;
				TARGETED_DEVICE_FAMILY = "1,2";
				TEST_TARGET_NAME = ChatOpenAI;
			};
			name = Debug;
		};
		15529F132DF9C19F00EF3F11 /* Release */ = {
			isa = XCBuildConfiguration;
			buildSettings = {
				CODE_SIGN_STYLE = Automatic;
				CURRENT_PROJECT_VERSION = 1;
				DEVELOPMENT_TEAM = G5A93Q7SG9;
				GENERATE_INFOPLIST_FILE = YES;
				MARKETING_VERSION = 1.0;
				PRODUCT_BUNDLE_IDENTIFIER = co.willyhsu.ChatOpenAIUITests;
				PRODUCT_NAME = "$(TARGET_NAME)";
				SWIFT_EMIT_LOC_STRINGS = NO;
				SWIFT_VERSION = 5.0;
				TARGETED_DEVICE_FAMILY = "1,2";
				TEST_TARGET_NAME = ChatOpenAI;
			};
			name = Release;
		};
/* End XCBuildConfiguration section */

/* Begin XCConfigurationList section */
		15529ED82DF9C19D00EF3F11 /* Build configuration list for PBXProject "ChatOpenAI" */ = {
			isa = XCConfigurationList;
			buildConfigurations = (
				15529F0C2DF9C19F00EF3F11 /* Debug */,
				15529F0D2DF9C19F00EF3F11 /* Release */,
			);
			defaultConfigurationIsVisible = 0;
			defaultConfigurationName = Release;
		};
		15529F092DF9C19F00EF3F11 /* Build configuration list for PBXNativeTarget "ChatOpenAI" */ = {
			isa = XCConfigurationList;
			buildConfigurations = (
				15529F0A2DF9C19F00EF3F11 /* Debug */,
				15529F0B2DF9C19F00EF3F11 /* Release */,
			);
			defaultConfigurationIsVisible = 0;
			defaultConfigurationName = Release;
		};
		15529F0E2DF9C19F00EF3F11 /* Build configuration list for PBXNativeTarget "ChatOpenAITests" */ = {
			isa = XCConfigurationList;
			buildConfigurations = (
				15529F0F2DF9C19F00EF3F11 /* Debug */,
				15529F102DF9C19F00EF3F11 /* Release */,
			);
			defaultConfigurationIsVisible = 0;
			defaultConfigurationName = Release;
		};
		15529F112DF9C19F00EF3F11 /* Build configuration list for PBXNativeTarget "ChatOpenAIUITests" */ = {
			isa = XCConfigurationList;
			buildConfigurations = (
				15529F122DF9C19F00EF3F11 /* Debug */,
				15529F132DF9C19F00EF3F11 /* Release */,
			);
			defaultConfigurationIsVisible = 0;
			defaultConfigurationName = Release;
		};
/* End XCConfigurationList section */
	};
	rootObject = 15529ED52DF9C19D00EF3F11 /* Project object */;
}
